
Microsoft Visual Studio Solution File, Format Version 12.00
# Visual Studio Version 17
VisualStudioVersion = 17.0.31903.59
MinimumVisualStudioVersion = 10.0.40219.1
Project("{FAE04EC0-301F-11D3-BF4B-00C04F79EFBC}") = "CsvImporter.Core", "CsvImporter.Core\CsvImporter.Core.csproj", "{82FD2EC1-8B45-4201-ABEF-5E6027754F8D}"
EndProject
Project("{FAE04EC0-301F-11D3-BF4B-00C04F79EFBC}") = "CsvImporter.Adapters", "CsvImporter.Adapters\CsvImporter.Adapters.csproj", "{5ACBC496-4F78-4DE5-B800-475A2A4B2D5F}"
EndProject
Project("{FAE04EC0-301F-11D3-BF4B-00C04F79EFBC}") = "CsvImporter.FileSystem", "CsvImporter.FileSystem\CsvImporter.FileSystem.csproj", "{86CD130C-6504-44EB-A510-14BB52A9A403}"
EndProject
Project("{FAE04EC0-301F-11D3-BF4B-00C04F79EFBC}") = "CsvImporter.Mapping", "CsvImporter.Mapping\CsvImporter.Mapping.csproj", "{11E0B84B-6199-4206-AFCC-9BA9A962A9B4}"
EndProject
Project("{FAE04EC0-301F-11D3-BF4B-00C04F79EFBC}") = "CsvImporter.WPF", "CsvImporter.WPF\CsvImporter.WPF.csproj", "{EEE8A24C-FA98-469B-ABA9-6B5613084EAF}"
EndProject
Project("{FAE04EC0-301F-11D3-BF4B-00C04F79EFBC}") = "CsvImporter.Tests", "CsvImporter.Tests\CsvImporter.Tests.csproj", "{7F84C362-D01A-4D1D-B0D8-30A1815102D4}"
EndProject
Global
	GlobalSection(SolutionConfigurationPlatforms) = preSolution
		Debug|Any CPU = Debug|Any CPU
		Debug|x64 = Debug|x64
		Debug|x86 = Debug|x86
		Release|Any CPU = Release|Any CPU
		Release|x64 = Release|x64
		Release|x86 = Release|x86
	EndGlobalSection
	GlobalSection(ProjectConfigurationPlatforms) = postSolution
		{82FD2EC1-8B45-4201-ABEF-5E6027754F8D}.Debug|Any CPU.ActiveCfg = Debug|Any CPU
		{82FD2EC1-8B45-4201-ABEF-5E6027754F8D}.Debug|Any CPU.Build.0 = Debug|Any CPU
		{82FD2EC1-8B45-4201-ABEF-5E6027754F8D}.Debug|x64.ActiveCfg = Debug|Any CPU
		{82FD2EC1-8B45-4201-ABEF-5E6027754F8D}.Debug|x64.Build.0 = Debug|Any CPU
		{82FD2EC1-8B45-4201-ABEF-5E6027754F8D}.Debug|x86.ActiveCfg = Debug|Any CPU
		{82FD2EC1-8B45-4201-ABEF-5E6027754F8D}.Debug|x86.Build.0 = Debug|Any CPU
		{82FD2EC1-8B45-4201-ABEF-5E6027754F8D}.Release|Any CPU.ActiveCfg = Release|Any CPU
		{82FD2EC1-8B45-4201-ABEF-5E6027754F8D}.Release|Any CPU.Build.0 = Release|Any CPU
		{82FD2EC1-8B45-4201-ABEF-5E6027754F8D}.Release|x64.ActiveCfg = Release|Any CPU
		{82FD2EC1-8B45-4201-ABEF-5E6027754F8D}.Release|x64.Build.0 = Release|Any CPU
		{82FD2EC1-8B45-4201-ABEF-5E6027754F8D}.Release|x86.ActiveCfg = Release|Any CPU
		{82FD2EC1-8B45-4201-ABEF-5E6027754F8D}.Release|x86.Build.0 = Release|Any CPU
		{5ACBC496-4F78-4DE5-B800-475A2A4B2D5F}.Debug|Any CPU.ActiveCfg = Debug|Any CPU
		{5ACBC496-4F78-4DE5-B800-475A2A4B2D5F}.Debug|Any CPU.Build.0 = Debug|Any CPU
		{5ACBC496-4F78-4DE5-B800-475A2A4B2D5F}.Debug|x64.ActiveCfg = Debug|Any CPU
		{5ACBC496-4F78-4DE5-B800-475A2A4B2D5F}.Debug|x64.Build.0 = Debug|Any CPU
		{5ACBC496-4F78-4DE5-B800-475A2A4B2D5F}.Debug|x86.ActiveCfg = Debug|Any CPU
		{5ACBC496-4F78-4DE5-B800-475A2A4B2D5F}.Debug|x86.Build.0 = Debug|Any CPU
		{5ACBC496-4F78-4DE5-B800-475A2A4B2D5F}.Release|Any CPU.ActiveCfg = Release|Any CPU
		{5ACBC496-4F78-4DE5-B800-475A2A4B2D5F}.Release|Any CPU.Build.0 = Release|Any CPU
		{5ACBC496-4F78-4DE5-B800-475A2A4B2D5F}.Release|x64.ActiveCfg = Release|Any CPU
		{5ACBC496-4F78-4DE5-B800-475A2A4B2D5F}.Release|x64.Build.0 = Release|Any CPU
		{5ACBC496-4F78-4DE5-B800-475A2A4B2D5F}.Release|x86.ActiveCfg = Release|Any CPU
		{5ACBC496-4F78-4DE5-B800-475A2A4B2D5F}.Release|x86.Build.0 = Release|Any CPU
		{86CD130C-6504-44EB-A510-14BB52A9A403}.Debug|Any CPU.ActiveCfg = Debug|Any CPU
		{86CD130C-6504-44EB-A510-14BB52A9A403}.Debug|Any CPU.Build.0 = Debug|Any CPU
		{86CD130C-6504-44EB-A510-14BB52A9A403}.Debug|x64.ActiveCfg = Debug|Any CPU
		{86CD130C-6504-44EB-A510-14BB52A9A403}.Debug|x64.Build.0 = Debug|Any CPU
		{86CD130C-6504-44EB-A510-14BB52A9A403}.Debug|x86.ActiveCfg = Debug|Any CPU
		{86CD130C-6504-44EB-A510-14BB52A9A403}.Debug|x86.Build.0 = Debug|Any CPU
		{86CD130C-6504-44EB-A510-14BB52A9A403}.Release|Any CPU.ActiveCfg = Release|Any CPU
		{86CD130C-6504-44EB-A510-14BB52A9A403}.Release|Any CPU.Build.0 = Release|Any CPU
		{86CD130C-6504-44EB-A510-14BB52A9A403}.Release|x64.ActiveCfg = Release|Any CPU
		{86CD130C-6504-44EB-A510-14BB52A9A403}.Release|x64.Build.0 = Release|Any CPU
		{86CD130C-6504-44EB-A510-14BB52A9A403}.Release|x86.ActiveCfg = Release|Any CPU
		{86CD130C-6504-44EB-A510-14BB52A9A403}.Release|x86.Build.0 = Release|Any CPU
		{11E0B84B-6199-4206-AFCC-9BA9A962A9B4}.Debug|Any CPU.ActiveCfg = Debug|Any CPU
		{11E0B84B-6199-4206-AFCC-9BA9A962A9B4}.Debug|Any CPU.Build.0 = Debug|Any CPU
		{11E0B84B-6199-4206-AFCC-9BA9A962A9B4}.Debug|x64.ActiveCfg = Debug|Any CPU
		{11E0B84B-6199-4206-AFCC-9BA9A962A9B4}.Debug|x64.Build.0 = Debug|Any CPU
		{11E0B84B-6199-4206-AFCC-9BA9A962A9B4}.Debug|x86.ActiveCfg = Debug|Any CPU
		{11E0B84B-6199-4206-AFCC-9BA9A962A9B4}.Debug|x86.Build.0 = Debug|Any CPU
		{11E0B84B-6199-4206-AFCC-9BA9A962A9B4}.Release|Any CPU.ActiveCfg = Release|Any CPU
		{11E0B84B-6199-4206-AFCC-9BA9A962A9B4}.Release|Any CPU.Build.0 = Release|Any CPU
		{11E0B84B-6199-4206-AFCC-9BA9A962A9B4}.Release|x64.ActiveCfg = Release|Any CPU
		{11E0B84B-6199-4206-AFCC-9BA9A962A9B4}.Release|x64.Build.0 = Release|Any CPU
		{11E0B84B-6199-4206-AFCC-9BA9A962A9B4}.Release|x86.ActiveCfg = Release|Any CPU
		{11E0B84B-6199-4206-AFCC-9BA9A962A9B4}.Release|x86.Build.0 = Release|Any CPU
		{EEE8A24C-FA98-469B-ABA9-6B5613084EAF}.Debug|Any CPU.ActiveCfg = Debug|Any CPU
		{EEE8A24C-FA98-469B-ABA9-6B5613084EAF}.Debug|Any CPU.Build.0 = Debug|Any CPU
		{EEE8A24C-FA98-469B-ABA9-6B5613084EAF}.Debug|x64.ActiveCfg = Debug|Any CPU
		{EEE8A24C-FA98-469B-ABA9-6B5613084EAF}.Debug|x64.Build.0 = Debug|Any CPU
		{EEE8A24C-FA98-469B-ABA9-6B5613084EAF}.Debug|x86.ActiveCfg = Debug|Any CPU
		{EEE8A24C-FA98-469B-ABA9-6B5613084EAF}.Debug|x86.Build.0 = Debug|Any CPU
		{EEE8A24C-FA98-469B-ABA9-6B5613084EAF}.Release|Any CPU.ActiveCfg = Release|Any CPU
		{EEE8A24C-FA98-469B-ABA9-6B5613084EAF}.Release|Any CPU.Build.0 = Release|Any CPU
		{EEE8A24C-FA98-469B-ABA9-6B5613084EAF}.Release|x64.ActiveCfg = Release|Any CPU
		{EEE8A24C-FA98-469B-ABA9-6B5613084EAF}.Release|x64.Build.0 = Release|Any CPU
		{EEE8A24C-FA98-469B-ABA9-6B5613084EAF}.Release|x86.ActiveCfg = Release|Any CPU
		{EEE8A24C-FA98-469B-ABA9-6B5613084EAF}.Release|x86.Build.0 = Release|Any CPU
		{7F84C362-D01A-4D1D-B0D8-30A1815102D4}.Debug|Any CPU.ActiveCfg = Debug|Any CPU
		{7F84C362-D01A-4D1D-B0D8-30A1815102D4}.Debug|Any CPU.Build.0 = Debug|Any CPU
		{7F84C362-D01A-4D1D-B0D8-30A1815102D4}.Debug|x64.ActiveCfg = Debug|Any CPU
		{7F84C362-D01A-4D1D-B0D8-30A1815102D4}.Debug|x64.Build.0 = Debug|Any CPU
		{7F84C362-D01A-4D1D-B0D8-30A1815102D4}.Debug|x86.ActiveCfg = Debug|Any CPU
		{7F84C362-D01A-4D1D-B0D8-30A1815102D4}.Debug|x86.Build.0 = Debug|Any CPU
		{7F84C362-D01A-4D1D-B0D8-30A1815102D4}.Release|Any CPU.ActiveCfg = Release|Any CPU
		{7F84C362-D01A-4D1D-B0D8-30A1815102D4}.Release|Any CPU.Build.0 = Release|Any CPU
		{7F84C362-D01A-4D1D-B0D8-30A1815102D4}.Release|x64.ActiveCfg = Release|Any CPU
		{7F84C362-D01A-4D1D-B0D8-30A1815102D4}.Release|x64.Build.0 = Release|Any CPU
		{7F84C362-D01A-4D1D-B0D8-30A1815102D4}.Release|x86.ActiveCfg = Release|Any CPU
		{7F84C362-D01A-4D1D-B0D8-30A1815102D4}.Release|x86.Build.0 = Release|Any CPU
	EndGlobalSection
	GlobalSection(SolutionProperties) = preSolution
		HideSolutionNode = FALSE
	EndGlobalSection
EndGlobal
